{
  "nodes": {
    "nixpkgs": {
      "locked": {
        "lastModified": 1661786877,
        "narHash": "sha256-+PJWVLxnP9jpsbJnA/zKHk7/e5e4UVkVyMRm0OF8JY8=",
        "owner": "NixOS",
        "repo": "nixpkgs",
        "rev": "ad86f10f1a9c7fbf8069f0e3b432f85db7f6d134",
        "type": "github"
      },
      "original": {
        "owner": "NixOS",
        "repo": "nixpkgs",
        "type": "github"
      }
    },
    "root": {
      "inputs": {
        "nixpkgs": "nixpkgs"
      }
    }
  },
  "root": "root",
  "version": 7
}
